
Microsoft Visual Studio Solution File, Format Version 12.00
Project("{FAE04EC0-301F-11D3-BF4B-00C04F79EFBC}") = "AutorizationService", "AutorizationService\AutorizationService.csproj", "{3FA7A3BC-1F88-4450-B7F2-443CAC9EDB6C}"
EndProject
Project("{2150E333-8FDC-42A3-9474-1A3956D46DE8}") = "Shared", "Shared", "{A866A8A1-603D-4C7D-AFFD-8DBF206BA875}"
EndProject
Project("{2150E333-8FDC-42A3-9474-1A3956D46DE8}") = "Services", "Services", "{253DEC9C-CFB2-407A-879B-08AEC39D04C0}"
EndProject
Project("{FAE04EC0-301F-11D3-BF4B-00C04F79EFBC}") = "DTO", "DTO\DTO.csproj", "{82C12A52-2823-44D9-B395-F7AC5F54C548}"
EndProject
Project("{FAE04EC0-301F-11D3-BF4B-00C04F79EFBC}") = "CoreLib", "CoreLib\CoreLib.csproj", "{3B129CB1-5390-4369-8752-6A80EDAAF33B}"
EndProject
Project("{FAE04EC0-301F-11D3-BF4B-00C04F79EFBC}") = "SharedEntities", "SharedEntities\SharedEntities.csproj", "{F5AC1684-E5DA-4F35-A6BF-3C3247DAFD0E}"
EndProject
Project("{FAE04EC0-301F-11D3-BF4B-00C04F79EFBC}") = "Infrastucture", "Infrastucture\Infrastucture.csproj", "{0369685F-5E7F-41E5-8C27-DA7A74BAB92F}"
EndProject
Global
	GlobalSection(SolutionConfigurationPlatforms) = preSolution
		Debug|Any CPU = Debug|Any CPU
		Release|Any CPU = Release|Any CPU
	EndGlobalSection
	GlobalSection(ProjectConfigurationPlatforms) = postSolution
		{3FA7A3BC-1F88-4450-B7F2-443CAC9EDB6C}.Debug|Any CPU.ActiveCfg = Debug|Any CPU
		{3FA7A3BC-1F88-4450-B7F2-443CAC9EDB6C}.Debug|Any CPU.Build.0 = Debug|Any CPU
		{3FA7A3BC-1F88-4450-B7F2-443CAC9EDB6C}.Release|Any CPU.ActiveCfg = Release|Any CPU
		{3FA7A3BC-1F88-4450-B7F2-443CAC9EDB6C}.Release|Any CPU.Build.0 = Release|Any CPU
		{82C12A52-2823-44D9-B395-F7AC5F54C548}.Debug|Any CPU.ActiveCfg = Debug|Any CPU
		{82C12A52-2823-44D9-B395-F7AC5F54C548}.Debug|Any CPU.Build.0 = Debug|Any CPU
		{82C12A52-2823-44D9-B395-F7AC5F54C548}.Release|Any CPU.ActiveCfg = Release|Any CPU
		{82C12A52-2823-44D9-B395-F7AC5F54C548}.Release|Any CPU.Build.0 = Release|Any CPU
		{3B129CB1-5390-4369-8752-6A80EDAAF33B}.Debug|Any CPU.ActiveCfg = Debug|Any CPU
		{3B129CB1-5390-4369-8752-6A80EDAAF33B}.Debug|Any CPU.Build.0 = Debug|Any CPU
		{3B129CB1-5390-4369-8752-6A80EDAAF33B}.Release|Any CPU.ActiveCfg = Release|Any CPU
		{3B129CB1-5390-4369-8752-6A80EDAAF33B}.Release|Any CPU.Build.0 = Release|Any CPU
		{F5AC1684-E5DA-4F35-A6BF-3C3247DAFD0E}.Debug|Any CPU.ActiveCfg = Debug|Any CPU
		{F5AC1684-E5DA-4F35-A6BF-3C3247DAFD0E}.Debug|Any CPU.Build.0 = Debug|Any CPU
		{F5AC1684-E5DA-4F35-A6BF-3C3247DAFD0E}.Release|Any CPU.ActiveCfg = Release|Any CPU
		{F5AC1684-E5DA-4F35-A6BF-3C3247DAFD0E}.Release|Any CPU.Build.0 = Release|Any CPU
		{0369685F-5E7F-41E5-8C27-DA7A74BAB92F}.Debug|Any CPU.ActiveCfg = Debug|Any CPU
		{0369685F-5E7F-41E5-8C27-DA7A74BAB92F}.Debug|Any CPU.Build.0 = Debug|Any CPU
		{0369685F-5E7F-41E5-8C27-DA7A74BAB92F}.Release|Any CPU.ActiveCfg = Release|Any CPU
		{0369685F-5E7F-41E5-8C27-DA7A74BAB92F}.Release|Any CPU.Build.0 = Release|Any CPU
	EndGlobalSection
	GlobalSection(NestedProjects) = preSolution
		{3FA7A3BC-1F88-4450-B7F2-443CAC9EDB6C} = {253DEC9C-CFB2-407A-879B-08AEC39D04C0}
		{82C12A52-2823-44D9-B395-F7AC5F54C548} = {A866A8A1-603D-4C7D-AFFD-8DBF206BA875}
		{3B129CB1-5390-4369-8752-6A80EDAAF33B} = {A866A8A1-603D-4C7D-AFFD-8DBF206BA875}
		{F5AC1684-E5DA-4F35-A6BF-3C3247DAFD0E} = {A866A8A1-603D-4C7D-AFFD-8DBF206BA875}
		{0369685F-5E7F-41E5-8C27-DA7A74BAB92F} = {A866A8A1-603D-4C7D-AFFD-8DBF206BA875}
	EndGlobalSection
EndGlobal
